// !$*UTF8*$!
{
	archiveVersion = 1;
	classes = {
	};
	objectVersion = 55;
	objects = {

/* Begin PBXBuildFile section */
		040E4431287AADB7002E1870 /* NutritionalStubs.swift in Sources */ = {isa = PBXBuildFile; fileRef = 040E4430287AADB7002E1870 /* NutritionalStubs.swift */; };
		0417D0422878F2B1004883BF /* ViewExtension.swift in Sources */ = {isa = PBXBuildFile; fileRef = 0417D0412878F2B1004883BF /* ViewExtension.swift */; };
		0417D0442878F41D004883BF /* NutritionalOvalView.swift in Sources */ = {isa = PBXBuildFile; fileRef = 0417D0432878F41D004883BF /* NutritionalOvalView.swift */; };
		0417D0462878F4EC004883BF /* Reuseable.swift in Sources */ = {isa = PBXBuildFile; fileRef = 0417D0452878F4EC004883BF /* Reuseable.swift */; };
		0417D0482878F58A004883BF /* NutritionalInfoViewModel.swift in Sources */ = {isa = PBXBuildFile; fileRef = 0417D0472878F58A004883BF /* NutritionalInfoViewModel.swift */; };
		0417D04B2878FB2F004883BF /* NutritionalTypeView.swift in Sources */ = {isa = PBXBuildFile; fileRef = 0417D04A2878FB2F004883BF /* NutritionalTypeView.swift */; };
		0417D04D2878FB3C004883BF /* NutritionalTypeView.xib in Resources */ = {isa = PBXBuildFile; fileRef = 0417D04C2878FB3C004883BF /* NutritionalTypeView.xib */; };
		043B10FC287666290011BA3D /* APIClient.swift in Sources */ = {isa = PBXBuildFile; fileRef = 043B10FB287666290011BA3D /* APIClient.swift */; };
		04604334287C8241009245E2 /* StringExtension.swift in Sources */ = {isa = PBXBuildFile; fileRef = 04604333287C8241009245E2 /* StringExtension.swift */; };
		04604336287C824E009245E2 /* FloatExtension.swift in Sources */ = {isa = PBXBuildFile; fileRef = 04604335287C824E009245E2 /* FloatExtension.swift */; };
		0460433E287C8FA7009245E2 /* InitialViewController.swift in Sources */ = {isa = PBXBuildFile; fileRef = 0460433C287C8FA7009245E2 /* InitialViewController.swift */; };
		0460433F287C8FA7009245E2 /* InitialViewController.xib in Resources */ = {isa = PBXBuildFile; fileRef = 0460433D287C8FA7009245E2 /* InitialViewController.xib */; };
		04691982287B2E7F00D66C8B /* NutritionalRepositoryMock.swift in Sources */ = {isa = PBXBuildFile; fileRef = 04691981287B2E7F00D66C8B /* NutritionalRepositoryMock.swift */; };
		04691984287B2F3300D66C8B /* APIClientSpy.swift in Sources */ = {isa = PBXBuildFile; fileRef = 04691983287B2F3300D66C8B /* APIClientSpy.swift */; };
		04DA15C4287A8395006954BE /* Localization.swift in Sources */ = {isa = PBXBuildFile; fileRef = 04DA15C3287A8395006954BE /* Localization.swift */; };
		04DA15C6287A83C2006954BE /* Localizable.strings in Resources */ = {isa = PBXBuildFile; fileRef = 04DA15C5287A83C2006954BE /* Localizable.strings */; };
		04DBD8092879D2E00045EC58 /* NutritionalInfoInteractor.swift in Sources */ = {isa = PBXBuildFile; fileRef = 04DBD8082879D2E00045EC58 /* NutritionalInfoInteractor.swift */; };
		04DBD80B2879D3040045EC58 /* NutritionalInfoPresenter.swift in Sources */ = {isa = PBXBuildFile; fileRef = 04DBD80A2879D3040045EC58 /* NutritionalInfoPresenter.swift */; };
		04DBD80D2879DBBA0045EC58 /* NutritionalInfoSceneConfigurator.swift in Sources */ = {isa = PBXBuildFile; fileRef = 04DBD80C2879DBBA0045EC58 /* NutritionalInfoSceneConfigurator.swift */; };
		04E31D3428766ADB004C39D0 /* Request.swift in Sources */ = {isa = PBXBuildFile; fileRef = 04E31D3328766ADB004C39D0 /* Request.swift */; };
		04E31D3628766B9A004C39D0 /* AlamofireExtension.swift in Sources */ = {isa = PBXBuildFile; fileRef = 04E31D3528766B9A004C39D0 /* AlamofireExtension.swift */; };
		04E31D392876713E004C39D0 /* NutritionalRequest.swift in Sources */ = {isa = PBXBuildFile; fileRef = 04E31D382876713E004C39D0 /* NutritionalRequest.swift */; };
		04E31D3B2876792E004C39D0 /* NutritionalRepository.swift in Sources */ = {isa = PBXBuildFile; fileRef = 04E31D3A2876792E004C39D0 /* NutritionalRepository.swift */; };
		04E31D3D287682A3004C39D0 /* NutritionalInfoResponseModel.swift in Sources */ = {isa = PBXBuildFile; fileRef = 04E31D3C287682A3004C39D0 /* NutritionalInfoResponseModel.swift */; };
		04EC879F2878EACC00E461F3 /* NutritionalInfoViewController.swift in Sources */ = {isa = PBXBuildFile; fileRef = 04EC879D2878EACC00E461F3 /* NutritionalInfoViewController.swift */; };
		04EC87A02878EACC00E461F3 /* NutritionalInfoViewController.xib in Resources */ = {isa = PBXBuildFile; fileRef = 04EC879E2878EACC00E461F3 /* NutritionalInfoViewController.xib */; };
		04EC87A22878EB3400E461F3 /* NutritionalOvalView.xib in Resources */ = {isa = PBXBuildFile; fileRef = 04EC87A12878EB3400E461F3 /* NutritionalOvalView.xib */; };
		04EC87A42878EF3F00E461F3 /* Colors.swift in Sources */ = {isa = PBXBuildFile; fileRef = 04EC87A32878EF3F00E461F3 /* Colors.swift */; };
		04F9B277287B8F32007D0BAE /* LoadingView.swift in Sources */ = {isa = PBXBuildFile; fileRef = 04F9B276287B8F32007D0BAE /* LoadingView.swift */; };
		04F9B279287B8FD9007D0BAE /* NutritionalInfoViewSpy.swift in Sources */ = {isa = PBXBuildFile; fileRef = 04F9B278287B8FD9007D0BAE /* NutritionalInfoViewSpy.swift */; };
		04F9B27B287B9935007D0BAE /* NutritionalInfoInteractorTests.swift in Sources */ = {isa = PBXBuildFile; fileRef = 04F9B27A287B9935007D0BAE /* NutritionalInfoInteractorTests.swift */; };
		04F9B27D287B997B007D0BAE /* DriversListPresenterSpy.swift in Sources */ = {isa = PBXBuildFile; fileRef = 04F9B27C287B997B007D0BAE /* DriversListPresenterSpy.swift */; };
		04F9B283287BB764007D0BAE /* CustomError.swift in Sources */ = {isa = PBXBuildFile; fileRef = 04F9B282287BB764007D0BAE /* CustomError.swift */; };
		4D0A4330287517CC007E9F74 /* AppDelegate.swift in Sources */ = {isa = PBXBuildFile; fileRef = 4D0A432F287517CC007E9F74 /* AppDelegate.swift */; };
		4D0A4339287517CD007E9F74 /* Assets.xcassets in Resources */ = {isa = PBXBuildFile; fileRef = 4D0A4338287517CD007E9F74 /* Assets.xcassets */; };
		4D0A433C287517CD007E9F74 /* LaunchScreen.storyboard in Resources */ = {isa = PBXBuildFile; fileRef = 4D0A433A287517CD007E9F74 /* LaunchScreen.storyboard */; };
		4D0A4347287517CD007E9F74 /* NutritionalInfoPresenterTests.swift in Sources */ = {isa = PBXBuildFile; fileRef = 4D0A4346287517CD007E9F74 /* NutritionalInfoPresenterTests.swift */; };
		4D0A4351287517CD007E9F74 /* LifesumChallengeUITests.swift in Sources */ = {isa = PBXBuildFile; fileRef = 4D0A4350287517CD007E9F74 /* LifesumChallengeUITests.swift */; };
		4D0A4353287517CD007E9F74 /* LifesumChallengeUITestsLaunchTests.swift in Sources */ = {isa = PBXBuildFile; fileRef = 4D0A4352287517CD007E9F74 /* LifesumChallengeUITestsLaunchTests.swift */; };
		4EE825246CAF799780159FE6 /* Pods_LifesumChallenge_LifesumChallengeUITests.framework in Frameworks */ = {isa = PBXBuildFile; fileRef = A87A8474DC577920C0BFE381 /* Pods_LifesumChallenge_LifesumChallengeUITests.framework */; };
		5EC9B2EF27A10BAD8DC53271 /* Pods_LifesumChallengeTests.framework in Frameworks */ = {isa = PBXBuildFile; fileRef = 59E73D5EE0E20EB5DFC04F23 /* Pods_LifesumChallengeTests.framework */; };
		B8281FB7915FBA24367A4D2F /* Pods_LifesumChallenge.framework in Frameworks */ = {isa = PBXBuildFile; fileRef = 023CA5797CC08F2A7EDAD069 /* Pods_LifesumChallenge.framework */; };
/* End PBXBuildFile section */

/* Begin PBXContainerItemProxy section */
		4D0A4343287517CD007E9F74 /* PBXContainerItemProxy */ = {
			isa = PBXContainerItemProxy;
			containerPortal = 4D0A4324287517CB007E9F74 /* Project object */;
			proxyType = 1;
			remoteGlobalIDString = 4D0A432B287517CC007E9F74;
			remoteInfo = LifesumChallenge;
		};
		4D0A434D287517CD007E9F74 /* PBXContainerItemProxy */ = {
			isa = PBXContainerItemProxy;
			containerPortal = 4D0A4324287517CB007E9F74 /* Project object */;
			proxyType = 1;
			remoteGlobalIDString = 4D0A432B287517CC007E9F74;
			remoteInfo = LifesumChallenge;
		};
/* End PBXContainerItemProxy section */

/* Begin PBXFileReference section */
		0222047BF144A1DD52F46190 /* Pods-LifesumChallengeTests.debug.xcconfig */ = {isa = PBXFileReference; includeInIndex = 1; lastKnownFileType = text.xcconfig; name = "Pods-LifesumChallengeTests.debug.xcconfig"; path = "Target Support Files/Pods-LifesumChallengeTests/Pods-LifesumChallengeTests.debug.xcconfig"; sourceTree = "<group>"; };
		023CA5797CC08F2A7EDAD069 /* Pods_LifesumChallenge.framework */ = {isa = PBXFileReference; explicitFileType = wrapper.framework; includeInIndex = 0; path = Pods_LifesumChallenge.framework; sourceTree = BUILT_PRODUCTS_DIR; };
		040E4430287AADB7002E1870 /* NutritionalStubs.swift */ = {isa = PBXFileReference; lastKnownFileType = sourcecode.swift; path = NutritionalStubs.swift; sourceTree = "<group>"; };
		0417D0412878F2B1004883BF /* ViewExtension.swift */ = {isa = PBXFileReference; lastKnownFileType = sourcecode.swift; path = ViewExtension.swift; sourceTree = "<group>"; };
		0417D0432878F41D004883BF /* NutritionalOvalView.swift */ = {isa = PBXFileReference; lastKnownFileType = sourcecode.swift; path = NutritionalOvalView.swift; sourceTree = "<group>"; };
		0417D0452878F4EC004883BF /* Reuseable.swift */ = {isa = PBXFileReference; lastKnownFileType = sourcecode.swift; path = Reuseable.swift; sourceTree = "<group>"; };
		0417D0472878F58A004883BF /* NutritionalInfoViewModel.swift */ = {isa = PBXFileReference; lastKnownFileType = sourcecode.swift; path = NutritionalInfoViewModel.swift; sourceTree = "<group>"; };
		0417D04A2878FB2F004883BF /* NutritionalTypeView.swift */ = {isa = PBXFileReference; lastKnownFileType = sourcecode.swift; path = NutritionalTypeView.swift; sourceTree = "<group>"; };
		0417D04C2878FB3C004883BF /* NutritionalTypeView.xib */ = {isa = PBXFileReference; lastKnownFileType = file.xib; path = NutritionalTypeView.xib; sourceTree = "<group>"; };
		043B10FB287666290011BA3D /* APIClient.swift */ = {isa = PBXFileReference; lastKnownFileType = sourcecode.swift; path = APIClient.swift; sourceTree = "<group>"; };
		04604333287C8241009245E2 /* StringExtension.swift */ = {isa = PBXFileReference; lastKnownFileType = sourcecode.swift; path = StringExtension.swift; sourceTree = "<group>"; };
		04604335287C824E009245E2 /* FloatExtension.swift */ = {isa = PBXFileReference; lastKnownFileType = sourcecode.swift; path = FloatExtension.swift; sourceTree = "<group>"; };
		0460433C287C8FA7009245E2 /* InitialViewController.swift */ = {isa = PBXFileReference; lastKnownFileType = sourcecode.swift; path = InitialViewController.swift; sourceTree = "<group>"; };
		0460433D287C8FA7009245E2 /* InitialViewController.xib */ = {isa = PBXFileReference; lastKnownFileType = file.xib; path = InitialViewController.xib; sourceTree = "<group>"; };
		04691981287B2E7F00D66C8B /* NutritionalRepositoryMock.swift */ = {isa = PBXFileReference; lastKnownFileType = sourcecode.swift; path = NutritionalRepositoryMock.swift; sourceTree = "<group>"; };
		04691983287B2F3300D66C8B /* APIClientSpy.swift */ = {isa = PBXFileReference; lastKnownFileType = sourcecode.swift; path = APIClientSpy.swift; sourceTree = "<group>"; };
		04DA15C3287A8395006954BE /* Localization.swift */ = {isa = PBXFileReference; lastKnownFileType = sourcecode.swift; path = Localization.swift; sourceTree = "<group>"; };
		04DA15C5287A83C2006954BE /* Localizable.strings */ = {isa = PBXFileReference; lastKnownFileType = text.plist.strings; path = Localizable.strings; sourceTree = "<group>"; };
		04DBD8082879D2E00045EC58 /* NutritionalInfoInteractor.swift */ = {isa = PBXFileReference; lastKnownFileType = sourcecode.swift; path = NutritionalInfoInteractor.swift; sourceTree = "<group>"; };
		04DBD80A2879D3040045EC58 /* NutritionalInfoPresenter.swift */ = {isa = PBXFileReference; lastKnownFileType = sourcecode.swift; path = NutritionalInfoPresenter.swift; sourceTree = "<group>"; };
		04DBD80C2879DBBA0045EC58 /* NutritionalInfoSceneConfigurator.swift */ = {isa = PBXFileReference; lastKnownFileType = sourcecode.swift; path = NutritionalInfoSceneConfigurator.swift; sourceTree = "<group>"; };
		04E31D3328766ADB004C39D0 /* Request.swift */ = {isa = PBXFileReference; lastKnownFileType = sourcecode.swift; path = Request.swift; sourceTree = "<group>"; };
		04E31D3528766B9A004C39D0 /* AlamofireExtension.swift */ = {isa = PBXFileReference; lastKnownFileType = sourcecode.swift; path = AlamofireExtension.swift; sourceTree = "<group>"; };
		04E31D382876713E004C39D0 /* NutritionalRequest.swift */ = {isa = PBXFileReference; lastKnownFileType = sourcecode.swift; path = NutritionalRequest.swift; sourceTree = "<group>"; };
		04E31D3A2876792E004C39D0 /* NutritionalRepository.swift */ = {isa = PBXFileReference; lastKnownFileType = sourcecode.swift; path = NutritionalRepository.swift; sourceTree = "<group>"; };
		04E31D3C287682A3004C39D0 /* NutritionalInfoResponseModel.swift */ = {isa = PBXFileReference; lastKnownFileType = sourcecode.swift; path = NutritionalInfoResponseModel.swift; sourceTree = "<group>"; };
		04EC879D2878EACC00E461F3 /* NutritionalInfoViewController.swift */ = {isa = PBXFileReference; lastKnownFileType = sourcecode.swift; path = NutritionalInfoViewController.swift; sourceTree = "<group>"; };
		04EC879E2878EACC00E461F3 /* NutritionalInfoViewController.xib */ = {isa = PBXFileReference; lastKnownFileType = file.xib; path = NutritionalInfoViewController.xib; sourceTree = "<group>"; };
		04EC87A12878EB3400E461F3 /* NutritionalOvalView.xib */ = {isa = PBXFileReference; lastKnownFileType = file.xib; path = NutritionalOvalView.xib; sourceTree = "<group>"; };
		04EC87A32878EF3F00E461F3 /* Colors.swift */ = {isa = PBXFileReference; lastKnownFileType = sourcecode.swift; path = Colors.swift; sourceTree = "<group>"; };
		04F9B276287B8F32007D0BAE /* LoadingView.swift */ = {isa = PBXFileReference; lastKnownFileType = sourcecode.swift; path = LoadingView.swift; sourceTree = "<group>"; };
		04F9B278287B8FD9007D0BAE /* NutritionalInfoViewSpy.swift */ = {isa = PBXFileReference; lastKnownFileType = sourcecode.swift; path = NutritionalInfoViewSpy.swift; sourceTree = "<group>"; };
		04F9B27A287B9935007D0BAE /* NutritionalInfoInteractorTests.swift */ = {isa = PBXFileReference; lastKnownFileType = sourcecode.swift; path = NutritionalInfoInteractorTests.swift; sourceTree = "<group>"; };
		04F9B27C287B997B007D0BAE /* DriversListPresenterSpy.swift */ = {isa = PBXFileReference; lastKnownFileType = sourcecode.swift; path = DriversListPresenterSpy.swift; sourceTree = "<group>"; };
		04F9B282287BB764007D0BAE /* CustomError.swift */ = {isa = PBXFileReference; lastKnownFileType = sourcecode.swift; path = CustomError.swift; sourceTree = "<group>"; };
		27D7BF2CECC6601466F3678E /* Pods-LifesumChallengeTests.release.xcconfig */ = {isa = PBXFileReference; includeInIndex = 1; lastKnownFileType = text.xcconfig; name = "Pods-LifesumChallengeTests.release.xcconfig"; path = "Target Support Files/Pods-LifesumChallengeTests/Pods-LifesumChallengeTests.release.xcconfig"; sourceTree = "<group>"; };
		42AA2F37A65102395A7DA89A /* Pods-LifesumChallenge.debug.xcconfig */ = {isa = PBXFileReference; includeInIndex = 1; lastKnownFileType = text.xcconfig; name = "Pods-LifesumChallenge.debug.xcconfig"; path = "Target Support Files/Pods-LifesumChallenge/Pods-LifesumChallenge.debug.xcconfig"; sourceTree = "<group>"; };
		45E1A4F867A5E2F7B96207A9 /* Pods-LifesumChallenge-LifesumChallengeUITests.release.xcconfig */ = {isa = PBXFileReference; includeInIndex = 1; lastKnownFileType = text.xcconfig; name = "Pods-LifesumChallenge-LifesumChallengeUITests.release.xcconfig"; path = "Target Support Files/Pods-LifesumChallenge-LifesumChallengeUITests/Pods-LifesumChallenge-LifesumChallengeUITests.release.xcconfig"; sourceTree = "<group>"; };
		4D0A432C287517CC007E9F74 /* LifesumChallenge.app */ = {isa = PBXFileReference; explicitFileType = wrapper.application; includeInIndex = 0; path = LifesumChallenge.app; sourceTree = BUILT_PRODUCTS_DIR; };
		4D0A432F287517CC007E9F74 /* AppDelegate.swift */ = {isa = PBXFileReference; lastKnownFileType = sourcecode.swift; path = AppDelegate.swift; sourceTree = "<group>"; };
		4D0A4338287517CD007E9F74 /* Assets.xcassets */ = {isa = PBXFileReference; lastKnownFileType = folder.assetcatalog; path = Assets.xcassets; sourceTree = "<group>"; };
		4D0A433B287517CD007E9F74 /* Base */ = {isa = PBXFileReference; lastKnownFileType = file.storyboard; name = Base; path = Base.lproj/LaunchScreen.storyboard; sourceTree = "<group>"; };
		4D0A433D287517CD007E9F74 /* Info.plist */ = {isa = PBXFileReference; lastKnownFileType = text.plist.xml; path = Info.plist; sourceTree = "<group>"; };
		4D0A4342287517CD007E9F74 /* LifesumChallengeTests.xctest */ = {isa = PBXFileReference; explicitFileType = wrapper.cfbundle; includeInIndex = 0; path = LifesumChallengeTests.xctest; sourceTree = BUILT_PRODUCTS_DIR; };
		4D0A4346287517CD007E9F74 /* NutritionalInfoPresenterTests.swift */ = {isa = PBXFileReference; lastKnownFileType = sourcecode.swift; path = NutritionalInfoPresenterTests.swift; sourceTree = "<group>"; };
		4D0A434C287517CD007E9F74 /* LifesumChallengeUITests.xctest */ = {isa = PBXFileReference; explicitFileType = wrapper.cfbundle; includeInIndex = 0; path = LifesumChallengeUITests.xctest; sourceTree = BUILT_PRODUCTS_DIR; };
		4D0A4350287517CD007E9F74 /* LifesumChallengeUITests.swift */ = {isa = PBXFileReference; lastKnownFileType = sourcecode.swift; path = LifesumChallengeUITests.swift; sourceTree = "<group>"; };
		4D0A4352287517CD007E9F74 /* LifesumChallengeUITestsLaunchTests.swift */ = {isa = PBXFileReference; lastKnownFileType = sourcecode.swift; path = LifesumChallengeUITestsLaunchTests.swift; sourceTree = "<group>"; };
		5262E23097882996A4328233 /* Pods-LifesumChallenge-LifesumChallengeUITests.debug.xcconfig */ = {isa = PBXFileReference; includeInIndex = 1; lastKnownFileType = text.xcconfig; name = "Pods-LifesumChallenge-LifesumChallengeUITests.debug.xcconfig"; path = "Target Support Files/Pods-LifesumChallenge-LifesumChallengeUITests/Pods-LifesumChallenge-LifesumChallengeUITests.debug.xcconfig"; sourceTree = "<group>"; };
		59E73D5EE0E20EB5DFC04F23 /* Pods_LifesumChallengeTests.framework */ = {isa = PBXFileReference; explicitFileType = wrapper.framework; includeInIndex = 0; path = Pods_LifesumChallengeTests.framework; sourceTree = BUILT_PRODUCTS_DIR; };
		74C370E1FDB557921EC58F3C /* Pods-LifesumChallenge.release.xcconfig */ = {isa = PBXFileReference; includeInIndex = 1; lastKnownFileType = text.xcconfig; name = "Pods-LifesumChallenge.release.xcconfig"; path = "Target Support Files/Pods-LifesumChallenge/Pods-LifesumChallenge.release.xcconfig"; sourceTree = "<group>"; };
		A87A8474DC577920C0BFE381 /* Pods_LifesumChallenge_LifesumChallengeUITests.framework */ = {isa = PBXFileReference; explicitFileType = wrapper.framework; includeInIndex = 0; path = Pods_LifesumChallenge_LifesumChallengeUITests.framework; sourceTree = BUILT_PRODUCTS_DIR; };
/* End PBXFileReference section */

/* Begin PBXFrameworksBuildPhase section */
		4D0A4329287517CC007E9F74 /* Frameworks */ = {
			isa = PBXFrameworksBuildPhase;
			buildActionMask = 2147483647;
			files = (
				B8281FB7915FBA24367A4D2F /* Pods_LifesumChallenge.framework in Frameworks */,
			);
			runOnlyForDeploymentPostprocessing = 0;
		};
		4D0A433F287517CD007E9F74 /* Frameworks */ = {
			isa = PBXFrameworksBuildPhase;
			buildActionMask = 2147483647;
			files = (
				5EC9B2EF27A10BAD8DC53271 /* Pods_LifesumChallengeTests.framework in Frameworks */,
			);
			runOnlyForDeploymentPostprocessing = 0;
		};
		4D0A4349287517CD007E9F74 /* Frameworks */ = {
			isa = PBXFrameworksBuildPhase;
			buildActionMask = 2147483647;
			files = (
				4EE825246CAF799780159FE6 /* Pods_LifesumChallenge_LifesumChallengeUITests.framework in Frameworks */,
			);
			runOnlyForDeploymentPostprocessing = 0;
		};
/* End PBXFrameworksBuildPhase section */

/* Begin PBXGroup section */
		040E442F287AAD89002E1870 /* Nutritional Information */ = {
			isa = PBXGroup;
			children = (
				04F9B281287B9AE1007D0BAE /* Tests */,
				04F9B280287B9ACF007D0BAE /* Stubs */,
				04F9B27F287B9AC4007D0BAE /* Mock */,
				04F9B27E287B9A77007D0BAE /* Spy */,
			);
			path = "Nutritional Information";
			sourceTree = "<group>";
		};
		0417D0492878FADD004883BF /* Custom Views */ = {
			isa = PBXGroup;
			children = (
				0417D0432878F41D004883BF /* NutritionalOvalView.swift */,
				04EC87A12878EB3400E461F3 /* NutritionalOvalView.xib */,
				0417D04A2878FB2F004883BF /* NutritionalTypeView.swift */,
				0417D04C2878FB3C004883BF /* NutritionalTypeView.xib */,
			);
			path = "Custom Views";
			sourceTree = "<group>";
		};
		0417D04E28791646004883BF /* Extensions */ = {
			isa = PBXGroup;
			children = (
				0417D0412878F2B1004883BF /* ViewExtension.swift */,
				04604333287C8241009245E2 /* StringExtension.swift */,
				04604335287C824E009245E2 /* FloatExtension.swift */,
			);
			path = Extensions;
			sourceTree = "<group>";
		};
		043B10FA287665DC0011BA3D /* Network Client */ = {
			isa = PBXGroup;
			children = (
				043B10FB287666290011BA3D /* APIClient.swift */,
				04E31D3328766ADB004C39D0 /* Request.swift */,
				04E31D3528766B9A004C39D0 /* AlamofireExtension.swift */,
				04F9B282287BB764007D0BAE /* CustomError.swift */,
			);
			path = "Network Client";
			sourceTree = "<group>";
		};
		04604332287C81B9009245E2 /* Common Views */ = {
			isa = PBXGroup;
			children = (
				04F9B276287B8F32007D0BAE /* LoadingView.swift */,
				0417D0452878F4EC004883BF /* Reuseable.swift */,
			);
			path = "Common Views";
			sourceTree = "<group>";
		};
		04604337287C827B009245E2 /* App Theme */ = {
			isa = PBXGroup;
			children = (
				04EC87A32878EF3F00E461F3 /* Colors.swift */,
			);
			path = "App Theme";
			sourceTree = "<group>";
		};
		04DA15C7287A83E6006954BE /* Application */ = {
			isa = PBXGroup;
			children = (
				4D0A432F287517CC007E9F74 /* AppDelegate.swift */,
				4D0A4338287517CD007E9F74 /* Assets.xcassets */,
			);
			path = Application;
			sourceTree = "<group>";
		};
		04DA15C8287A8402006954BE /* Localization */ = {
			isa = PBXGroup;
			children = (
				04DA15C3287A8395006954BE /* Localization.swift */,
				04DA15C5287A83C2006954BE /* Localizable.strings */,
			);
			path = Localization;
			sourceTree = "<group>";
		};
		04DBD80E2879E4F90045EC58 /* View */ = {
			isa = PBXGroup;
			children = (
				04EC879D2878EACC00E461F3 /* NutritionalInfoViewController.swift */,
				04EC879E2878EACC00E461F3 /* NutritionalInfoViewController.xib */,
				0460433C287C8FA7009245E2 /* InitialViewController.swift */,
				0460433D287C8FA7009245E2 /* InitialViewController.xib */,
			);
			path = View;
			sourceTree = "<group>";
		};
		04DBD80F2879E54C0045EC58 /* API */ = {
			isa = PBXGroup;
			children = (
				04E31D3A2876792E004C39D0 /* NutritionalRepository.swift */,
				04E31D382876713E004C39D0 /* NutritionalRequest.swift */,
				04E31D3C287682A3004C39D0 /* NutritionalInfoResponseModel.swift */,
				0417D0472878F58A004883BF /* NutritionalInfoViewModel.swift */,
			);
			path = API;
			sourceTree = "<group>";
		};
		04E31D3728767129004C39D0 /* Nutritional Info Module */ = {
			isa = PBXGroup;
			children = (
				04DBD80F2879E54C0045EC58 /* API */,
				04DBD80E2879E4F90045EC58 /* View */,
				0417D0492878FADD004883BF /* Custom Views */,
				04DBD8082879D2E00045EC58 /* NutritionalInfoInteractor.swift */,
				04DBD80A2879D3040045EC58 /* NutritionalInfoPresenter.swift */,
				04DBD80C2879DBBA0045EC58 /* NutritionalInfoSceneConfigurator.swift */,
			);
			path = "Nutritional Info Module";
			sourceTree = "<group>";
		};
		04F9B27E287B9A77007D0BAE /* Spy */ = {
			isa = PBXGroup;
			children = (
				04F9B278287B8FD9007D0BAE /* NutritionalInfoViewSpy.swift */,
				04F9B27C287B997B007D0BAE /* DriversListPresenterSpy.swift */,
				04691983287B2F3300D66C8B /* APIClientSpy.swift */,
			);
			path = Spy;
			sourceTree = "<group>";
		};
		04F9B27F287B9AC4007D0BAE /* Mock */ = {
			isa = PBXGroup;
			children = (
				04691981287B2E7F00D66C8B /* NutritionalRepositoryMock.swift */,
			);
			path = Mock;
			sourceTree = "<group>";
		};
		04F9B280287B9ACF007D0BAE /* Stubs */ = {
			isa = PBXGroup;
			children = (
				040E4430287AADB7002E1870 /* NutritionalStubs.swift */,
			);
			path = Stubs;
			sourceTree = "<group>";
		};
		04F9B281287B9AE1007D0BAE /* Tests */ = {
			isa = PBXGroup;
			children = (
				4D0A4346287517CD007E9F74 /* NutritionalInfoPresenterTests.swift */,
				04F9B27A287B9935007D0BAE /* NutritionalInfoInteractorTests.swift */,
			);
			path = Tests;
			sourceTree = "<group>";
		};
		45AE83C978B9C80A6BCE2721 /* Frameworks */ = {
			isa = PBXGroup;
			children = (
				023CA5797CC08F2A7EDAD069 /* Pods_LifesumChallenge.framework */,
				A87A8474DC577920C0BFE381 /* Pods_LifesumChallenge_LifesumChallengeUITests.framework */,
				59E73D5EE0E20EB5DFC04F23 /* Pods_LifesumChallengeTests.framework */,
			);
			name = Frameworks;
			sourceTree = "<group>";
		};
		4D0A4323287517CB007E9F74 = {
			isa = PBXGroup;
			children = (
				4D0A432E287517CC007E9F74 /* LifesumChallenge */,
				4D0A4345287517CD007E9F74 /* LifesumChallengeTests */,
				4D0A434F287517CD007E9F74 /* LifesumChallengeUITests */,
				4D0A432D287517CC007E9F74 /* Products */,
				B4C000E172FA7E9E0E1ACA30 /* Pods */,
				45AE83C978B9C80A6BCE2721 /* Frameworks */,
			);
			sourceTree = "<group>";
		};
		4D0A432D287517CC007E9F74 /* Products */ = {
			isa = PBXGroup;
			children = (
				4D0A432C287517CC007E9F74 /* LifesumChallenge.app */,
				4D0A4342287517CD007E9F74 /* LifesumChallengeTests.xctest */,
				4D0A434C287517CD007E9F74 /* LifesumChallengeUITests.xctest */,
			);
			name = Products;
			sourceTree = "<group>";
		};
		4D0A432E287517CC007E9F74 /* LifesumChallenge */ = {
			isa = PBXGroup;
			children = (
				04DA15C7287A83E6006954BE /* Application */,
				04604332287C81B9009245E2 /* Common Views */,
				04604337287C827B009245E2 /* App Theme */,
				04DA15C8287A8402006954BE /* Localization */,
				0417D04E28791646004883BF /* Extensions */,
				043B10FA287665DC0011BA3D /* Network Client */,
				04E31D3728767129004C39D0 /* Nutritional Info Module */,
				4D0A433A287517CD007E9F74 /* LaunchScreen.storyboard */,
				4D0A433D287517CD007E9F74 /* Info.plist */,
			);
			path = LifesumChallenge;
			sourceTree = "<group>";
		};
		4D0A4345287517CD007E9F74 /* LifesumChallengeTests */ = {
			isa = PBXGroup;
			children = (
				040E442F287AAD89002E1870 /* Nutritional Information */,
			);
			path = LifesumChallengeTests;
			sourceTree = "<group>";
		};
		4D0A434F287517CD007E9F74 /* LifesumChallengeUITests */ = {
			isa = PBXGroup;
			children = (
				4D0A4350287517CD007E9F74 /* LifesumChallengeUITests.swift */,
				4D0A4352287517CD007E9F74 /* LifesumChallengeUITestsLaunchTests.swift */,
			);
			path = LifesumChallengeUITests;
			sourceTree = "<group>";
		};
		B4C000E172FA7E9E0E1ACA30 /* Pods */ = {
			isa = PBXGroup;
			children = (
				42AA2F37A65102395A7DA89A /* Pods-LifesumChallenge.debug.xcconfig */,
				74C370E1FDB557921EC58F3C /* Pods-LifesumChallenge.release.xcconfig */,
				5262E23097882996A4328233 /* Pods-LifesumChallenge-LifesumChallengeUITests.debug.xcconfig */,
				45E1A4F867A5E2F7B96207A9 /* Pods-LifesumChallenge-LifesumChallengeUITests.release.xcconfig */,
				0222047BF144A1DD52F46190 /* Pods-LifesumChallengeTests.debug.xcconfig */,
				27D7BF2CECC6601466F3678E /* Pods-LifesumChallengeTests.release.xcconfig */,
			);
			path = Pods;
			sourceTree = "<group>";
		};
/* End PBXGroup section */

/* Begin PBXNativeTarget section */
		4D0A432B287517CC007E9F74 /* LifesumChallenge */ = {
			isa = PBXNativeTarget;
			buildConfigurationList = 4D0A4356287517CD007E9F74 /* Build configuration list for PBXNativeTarget "LifesumChallenge" */;
			buildPhases = (
				4FFFA249E281540FF5F263D9 /* [CP] Check Pods Manifest.lock */,
				4D0A4328287517CC007E9F74 /* Sources */,
				4D0A4329287517CC007E9F74 /* Frameworks */,
				4D0A432A287517CC007E9F74 /* Resources */,
				BC1D32B80EE56F8438ED811C /* [CP] Embed Pods Frameworks */,
			);
			buildRules = (
			);
			dependencies = (
			);
			name = LifesumChallenge;
			productName = LifesumChallenge;
			productReference = 4D0A432C287517CC007E9F74 /* LifesumChallenge.app */;
			productType = "com.apple.product-type.application";
		};
		4D0A4341287517CD007E9F74 /* LifesumChallengeTests */ = {
			isa = PBXNativeTarget;
			buildConfigurationList = 4D0A4359287517CD007E9F74 /* Build configuration list for PBXNativeTarget "LifesumChallengeTests" */;
			buildPhases = (
				5CD7D68F4659ADD4188A6464 /* [CP] Check Pods Manifest.lock */,
				4D0A433E287517CD007E9F74 /* Sources */,
				4D0A433F287517CD007E9F74 /* Frameworks */,
				4D0A4340287517CD007E9F74 /* Resources */,
			);
			buildRules = (
			);
			dependencies = (
				4D0A4344287517CD007E9F74 /* PBXTargetDependency */,
			);
			name = LifesumChallengeTests;
			productName = LifesumChallengeTests;
			productReference = 4D0A4342287517CD007E9F74 /* LifesumChallengeTests.xctest */;
			productType = "com.apple.product-type.bundle.unit-test";
		};
		4D0A434B287517CD007E9F74 /* LifesumChallengeUITests */ = {
			isa = PBXNativeTarget;
			buildConfigurationList = 4D0A435C287517CD007E9F74 /* Build configuration list for PBXNativeTarget "LifesumChallengeUITests" */;
			buildPhases = (
				067F6F78F02621B1EBB52352 /* [CP] Check Pods Manifest.lock */,
				4D0A4348287517CD007E9F74 /* Sources */,
				4D0A4349287517CD007E9F74 /* Frameworks */,
				4D0A434A287517CD007E9F74 /* Resources */,
				D2C9CD5D49297FBE2AFB0509 /* [CP] Embed Pods Frameworks */,
			);
			buildRules = (
			);
			dependencies = (
				4D0A434E287517CD007E9F74 /* PBXTargetDependency */,
			);
			name = LifesumChallengeUITests;
			productName = LifesumChallengeUITests;
			productReference = 4D0A434C287517CD007E9F74 /* LifesumChallengeUITests.xctest */;
			productType = "com.apple.product-type.bundle.ui-testing";
		};
/* End PBXNativeTarget section */

/* Begin PBXProject section */
		4D0A4324287517CB007E9F74 /* Project object */ = {
			isa = PBXProject;
			attributes = {
				BuildIndependentTargetsInParallel = 1;
				LastSwiftUpdateCheck = 1340;
				LastUpgradeCheck = 1340;
				TargetAttributes = {
					4D0A432B287517CC007E9F74 = {
						CreatedOnToolsVersion = 13.4.1;
					};
					4D0A4341287517CD007E9F74 = {
						CreatedOnToolsVersion = 13.4.1;
						TestTargetID = 4D0A432B287517CC007E9F74;
					};
					4D0A434B287517CD007E9F74 = {
						CreatedOnToolsVersion = 13.4.1;
						TestTargetID = 4D0A432B287517CC007E9F74;
					};
				};
			};
			buildConfigurationList = 4D0A4327287517CB007E9F74 /* Build configuration list for PBXProject "LifesumChallenge" */;
			compatibilityVersion = "Xcode 13.0";
			developmentRegion = en;
			hasScannedForEncodings = 0;
			knownRegions = (
				en,
				Base,
			);
			mainGroup = 4D0A4323287517CB007E9F74;
			productRefGroup = 4D0A432D287517CC007E9F74 /* Products */;
			projectDirPath = "";
			projectRoot = "";
			targets = (
				4D0A432B287517CC007E9F74 /* LifesumChallenge */,
				4D0A4341287517CD007E9F74 /* LifesumChallengeTests */,
				4D0A434B287517CD007E9F74 /* LifesumChallengeUITests */,
			);
		};
/* End PBXProject section */

/* Begin PBXResourcesBuildPhase section */
		4D0A432A287517CC007E9F74 /* Resources */ = {
			isa = PBXResourcesBuildPhase;
			buildActionMask = 2147483647;
			files = (
				4D0A433C287517CD007E9F74 /* LaunchScreen.storyboard in Resources */,
				04DA15C6287A83C2006954BE /* Localizable.strings in Resources */,
				0460433F287C8FA7009245E2 /* InitialViewController.xib in Resources */,
				4D0A4339287517CD007E9F74 /* Assets.xcassets in Resources */,
				04EC87A02878EACC00E461F3 /* NutritionalInfoViewController.xib in Resources */,
				0417D04D2878FB3C004883BF /* NutritionalTypeView.xib in Resources */,
				04EC87A22878EB3400E461F3 /* NutritionalOvalView.xib in Resources */,
			);
			runOnlyForDeploymentPostprocessing = 0;
		};
		4D0A4340287517CD007E9F74 /* Resources */ = {
			isa = PBXResourcesBuildPhase;
			buildActionMask = 2147483647;
			files = (
			);
			runOnlyForDeploymentPostprocessing = 0;
		};
		4D0A434A287517CD007E9F74 /* Resources */ = {
			isa = PBXResourcesBuildPhase;
			buildActionMask = 2147483647;
			files = (
			);
			runOnlyForDeploymentPostprocessing = 0;
		};
/* End PBXResourcesBuildPhase section */

/* Begin PBXShellScriptBuildPhase section */
		067F6F78F02621B1EBB52352 /* [CP] Check Pods Manifest.lock */ = {
			isa = PBXShellScriptBuildPhase;
			buildActionMask = 2147483647;
			files = (
			);
			inputFileListPaths = (
			);
			inputPaths = (
				"${PODS_PODFILE_DIR_PATH}/Podfile.lock",
				"${PODS_ROOT}/Manifest.lock",
			);
			name = "[CP] Check Pods Manifest.lock";
			outputFileListPaths = (
			);
			outputPaths = (
				"$(DERIVED_FILE_DIR)/Pods-LifesumChallenge-LifesumChallengeUITests-checkManifestLockResult.txt",
			);
			runOnlyForDeploymentPostprocessing = 0;
			shellPath = /bin/sh;
			shellScript = "diff \"${PODS_PODFILE_DIR_PATH}/Podfile.lock\" \"${PODS_ROOT}/Manifest.lock\" > /dev/null\nif [ $? != 0 ] ; then\n    # print error to STDERR\n    echo \"error: The sandbox is not in sync with the Podfile.lock. Run 'pod install' or update your CocoaPods installation.\" >&2\n    exit 1\nfi\n# This output is used by Xcode 'outputs' to avoid re-running this script phase.\necho \"SUCCESS\" > \"${SCRIPT_OUTPUT_FILE_0}\"\n";
			showEnvVarsInLog = 0;
		};
		4FFFA249E281540FF5F263D9 /* [CP] Check Pods Manifest.lock */ = {
			isa = PBXShellScriptBuildPhase;
			buildActionMask = 2147483647;
			files = (
			);
			inputFileListPaths = (
			);
			inputPaths = (
				"${PODS_PODFILE_DIR_PATH}/Podfile.lock",
				"${PODS_ROOT}/Manifest.lock",
			);
			name = "[CP] Check Pods Manifest.lock";
			outputFileListPaths = (
			);
			outputPaths = (
				"$(DERIVED_FILE_DIR)/Pods-LifesumChallenge-checkManifestLockResult.txt",
			);
			runOnlyForDeploymentPostprocessing = 0;
			shellPath = /bin/sh;
			shellScript = "diff \"${PODS_PODFILE_DIR_PATH}/Podfile.lock\" \"${PODS_ROOT}/Manifest.lock\" > /dev/null\nif [ $? != 0 ] ; then\n    # print error to STDERR\n    echo \"error: The sandbox is not in sync with the Podfile.lock. Run 'pod install' or update your CocoaPods installation.\" >&2\n    exit 1\nfi\n# This output is used by Xcode 'outputs' to avoid re-running this script phase.\necho \"SUCCESS\" > \"${SCRIPT_OUTPUT_FILE_0}\"\n";
			showEnvVarsInLog = 0;
		};
		5CD7D68F4659ADD4188A6464 /* [CP] Check Pods Manifest.lock */ = {
			isa = PBXShellScriptBuildPhase;
			buildActionMask = 2147483647;
			files = (
			);
			inputFileListPaths = (
			);
			inputPaths = (
				"${PODS_PODFILE_DIR_PATH}/Podfile.lock",
				"${PODS_ROOT}/Manifest.lock",
			);
			name = "[CP] Check Pods Manifest.lock";
			outputFileListPaths = (
			);
			outputPaths = (
				"$(DERIVED_FILE_DIR)/Pods-LifesumChallengeTests-checkManifestLockResult.txt",
			);
			runOnlyForDeploymentPostprocessing = 0;
			shellPath = /bin/sh;
			shellScript = "diff \"${PODS_PODFILE_DIR_PATH}/Podfile.lock\" \"${PODS_ROOT}/Manifest.lock\" > /dev/null\nif [ $? != 0 ] ; then\n    # print error to STDERR\n    echo \"error: The sandbox is not in sync with the Podfile.lock. Run 'pod install' or update your CocoaPods installation.\" >&2\n    exit 1\nfi\n# This output is used by Xcode 'outputs' to avoid re-running this script phase.\necho \"SUCCESS\" > \"${SCRIPT_OUTPUT_FILE_0}\"\n";
			showEnvVarsInLog = 0;
		};
		BC1D32B80EE56F8438ED811C /* [CP] Embed Pods Frameworks */ = {
			isa = PBXShellScriptBuildPhase;
			buildActionMask = 2147483647;
			files = (
			);
			inputFileListPaths = (
				"${PODS_ROOT}/Target Support Files/Pods-LifesumChallenge/Pods-LifesumChallenge-frameworks-${CONFIGURATION}-input-files.xcfilelist",
			);
			name = "[CP] Embed Pods Frameworks";
			outputFileListPaths = (
				"${PODS_ROOT}/Target Support Files/Pods-LifesumChallenge/Pods-LifesumChallenge-frameworks-${CONFIGURATION}-output-files.xcfilelist",
			);
			runOnlyForDeploymentPostprocessing = 0;
			shellPath = /bin/sh;
			shellScript = "\"${PODS_ROOT}/Target Support Files/Pods-LifesumChallenge/Pods-LifesumChallenge-frameworks.sh\"\n";
			showEnvVarsInLog = 0;
		};
		D2C9CD5D49297FBE2AFB0509 /* [CP] Embed Pods Frameworks */ = {
			isa = PBXShellScriptBuildPhase;
			buildActionMask = 2147483647;
			files = (
			);
			inputFileListPaths = (
				"${PODS_ROOT}/Target Support Files/Pods-LifesumChallenge-LifesumChallengeUITests/Pods-LifesumChallenge-LifesumChallengeUITests-frameworks-${CONFIGURATION}-input-files.xcfilelist",
			);
			name = "[CP] Embed Pods Frameworks";
			outputFileListPaths = (
				"${PODS_ROOT}/Target Support Files/Pods-LifesumChallenge-LifesumChallengeUITests/Pods-LifesumChallenge-LifesumChallengeUITests-frameworks-${CONFIGURATION}-output-files.xcfilelist",
			);
			runOnlyForDeploymentPostprocessing = 0;
			shellPath = /bin/sh;
			shellScript = "\"${PODS_ROOT}/Target Support Files/Pods-LifesumChallenge-LifesumChallengeUITests/Pods-LifesumChallenge-LifesumChallengeUITests-frameworks.sh\"\n";
			showEnvVarsInLog = 0;
		};
/* End PBXShellScriptBuildPhase section */

/* Begin PBXSourcesBuildPhase section */
		4D0A4328287517CC007E9F74 /* Sources */ = {
			isa = PBXSourcesBuildPhase;
			buildActionMask = 2147483647;
			files = (
				0417D04B2878FB2F004883BF /* NutritionalTypeView.swift in Sources */,
				04EC87A42878EF3F00E461F3 /* Colors.swift in Sources */,
				04E31D392876713E004C39D0 /* NutritionalRequest.swift in Sources */,
				04DBD80D2879DBBA0045EC58 /* NutritionalInfoSceneConfigurator.swift in Sources */,
				04DBD80B2879D3040045EC58 /* NutritionalInfoPresenter.swift in Sources */,
				04F9B283287BB764007D0BAE /* CustomError.swift in Sources */,
				0460433E287C8FA7009245E2 /* InitialViewController.swift in Sources */,
				04E31D3628766B9A004C39D0 /* AlamofireExtension.swift in Sources */,
				0417D0482878F58A004883BF /* NutritionalInfoViewModel.swift in Sources */,
				04604334287C8241009245E2 /* StringExtension.swift in Sources */,
				04EC879F2878EACC00E461F3 /* NutritionalInfoViewController.swift in Sources */,
				04E31D3B2876792E004C39D0 /* NutritionalRepository.swift in Sources */,
				04E31D3428766ADB004C39D0 /* Request.swift in Sources */,
				04604336287C824E009245E2 /* FloatExtension.swift in Sources */,
				4D0A4330287517CC007E9F74 /* AppDelegate.swift in Sources */,
				043B10FC287666290011BA3D /* APIClient.swift in Sources */,
				04DBD8092879D2E00045EC58 /* NutritionalInfoInteractor.swift in Sources */,
				0417D0422878F2B1004883BF /* ViewExtension.swift in Sources */,
				04DA15C4287A8395006954BE /* Localization.swift in Sources */,
				0417D0442878F41D004883BF /* NutritionalOvalView.swift in Sources */,
				0417D0462878F4EC004883BF /* Reuseable.swift in Sources */,
				04F9B277287B8F32007D0BAE /* LoadingView.swift in Sources */,
				04E31D3D287682A3004C39D0 /* NutritionalInfoResponseModel.swift in Sources */,
			);
			runOnlyForDeploymentPostprocessing = 0;
		};
		4D0A433E287517CD007E9F74 /* Sources */ = {
			isa = PBXSourcesBuildPhase;
			buildActionMask = 2147483647;
			files = (
				04F9B279287B8FD9007D0BAE /* NutritionalInfoViewSpy.swift in Sources */,
				04F9B27B287B9935007D0BAE /* NutritionalInfoInteractorTests.swift in Sources */,
				040E4431287AADB7002E1870 /* NutritionalStubs.swift in Sources */,
				4D0A4347287517CD007E9F74 /* NutritionalInfoPresenterTests.swift in Sources */,
				04691984287B2F3300D66C8B /* APIClientSpy.swift in Sources */,
				04691982287B2E7F00D66C8B /* NutritionalRepositoryMock.swift in Sources */,
				04F9B27D287B997B007D0BAE /* DriversListPresenterSpy.swift in Sources */,
			);
			runOnlyForDeploymentPostprocessing = 0;
		};
		4D0A4348287517CD007E9F74 /* Sources */ = {
			isa = PBXSourcesBuildPhase;
			buildActionMask = 2147483647;
			files = (
				4D0A4353287517CD007E9F74 /* LifesumChallengeUITestsLaunchTests.swift in Sources */,
				4D0A4351287517CD007E9F74 /* LifesumChallengeUITests.swift in Sources */,
			);
			runOnlyForDeploymentPostprocessing = 0;
		};
/* End PBXSourcesBuildPhase section */

/* Begin PBXTargetDependency section */
		4D0A4344287517CD007E9F74 /* PBXTargetDependency */ = {
			isa = PBXTargetDependency;
			target = 4D0A432B287517CC007E9F74 /* LifesumChallenge */;
			targetProxy = 4D0A4343287517CD007E9F74 /* PBXContainerItemProxy */;
		};
		4D0A434E287517CD007E9F74 /* PBXTargetDependency */ = {
			isa = PBXTargetDependency;
			target = 4D0A432B287517CC007E9F74 /* LifesumChallenge */;
			targetProxy = 4D0A434D287517CD007E9F74 /* PBXContainerItemProxy */;
		};
/* End PBXTargetDependency section */

/* Begin PBXVariantGroup section */
		4D0A433A287517CD007E9F74 /* LaunchScreen.storyboard */ = {
			isa = PBXVariantGroup;
			children = (
				4D0A433B287517CD007E9F74 /* Base */,
			);
			name = LaunchScreen.storyboard;
			sourceTree = "<group>";
		};
/* End PBXVariantGroup section */

/* Begin XCBuildConfiguration section */
		4D0A4354287517CD007E9F74 /* Debug */ = {
			isa = XCBuildConfiguration;
			buildSettings = {
				ALWAYS_SEARCH_USER_PATHS = NO;
				CLANG_ANALYZER_NONNULL = YES;
				CLANG_ANALYZER_NUMBER_OBJECT_CONVERSION = YES_AGGRESSIVE;
				CLANG_CXX_LANGUAGE_STANDARD = "gnu++17";
				CLANG_ENABLE_MODULES = YES;
				CLANG_ENABLE_OBJC_ARC = YES;
				CLANG_ENABLE_OBJC_WEAK = YES;
				CLANG_WARN_BLOCK_CAPTURE_AUTORELEASING = YES;
				CLANG_WARN_BOOL_CONVERSION = YES;
				CLANG_WARN_COMMA = YES;
				CLANG_WARN_CONSTANT_CONVERSION = YES;
				CLANG_WARN_DEPRECATED_OBJC_IMPLEMENTATIONS = YES;
				CLANG_WARN_DIRECT_OBJC_ISA_USAGE = YES_ERROR;
				CLANG_WARN_DOCUMENTATION_COMMENTS = YES;
				CLANG_WARN_EMPTY_BODY = YES;
				CLANG_WARN_ENUM_CONVERSION = YES;
				CLANG_WARN_INFINITE_RECURSION = YES;
				CLANG_WARN_INT_CONVERSION = YES;
				CLANG_WARN_NON_LITERAL_NULL_CONVERSION = YES;
				CLANG_WARN_OBJC_IMPLICIT_RETAIN_SELF = YES;
				CLANG_WARN_OBJC_LITERAL_CONVERSION = YES;
				CLANG_WARN_OBJC_ROOT_CLASS = YES_ERROR;
				CLANG_WARN_QUOTED_INCLUDE_IN_FRAMEWORK_HEADER = YES;
				CLANG_WARN_RANGE_LOOP_ANALYSIS = YES;
				CLANG_WARN_STRICT_PROTOTYPES = YES;
				CLANG_WARN_SUSPICIOUS_MOVE = YES;
				CLANG_WARN_UNGUARDED_AVAILABILITY = YES_AGGRESSIVE;
				CLANG_WARN_UNREACHABLE_CODE = YES;
				CLANG_WARN__DUPLICATE_METHOD_MATCH = YES;
				COPY_PHASE_STRIP = NO;
				DEBUG_INFORMATION_FORMAT = dwarf;
				ENABLE_STRICT_OBJC_MSGSEND = YES;
				ENABLE_TESTABILITY = YES;
				GCC_C_LANGUAGE_STANDARD = gnu11;
				GCC_DYNAMIC_NO_PIC = NO;
				GCC_NO_COMMON_BLOCKS = YES;
				GCC_OPTIMIZATION_LEVEL = 0;
				GCC_PREPROCESSOR_DEFINITIONS = (
					"DEBUG=1",
					"$(inherited)",
				);
				GCC_WARN_64_TO_32_BIT_CONVERSION = YES;
				GCC_WARN_ABOUT_RETURN_TYPE = YES_ERROR;
				GCC_WARN_UNDECLARED_SELECTOR = YES;
				GCC_WARN_UNINITIALIZED_AUTOS = YES_AGGRESSIVE;
				GCC_WARN_UNUSED_FUNCTION = YES;
				GCC_WARN_UNUSED_VARIABLE = YES;
				IPHONEOS_DEPLOYMENT_TARGET = 13.0;
				MTL_ENABLE_DEBUG_INFO = INCLUDE_SOURCE;
				MTL_FAST_MATH = YES;
				ONLY_ACTIVE_ARCH = YES;
				SDKROOT = iphoneos;
				SWIFT_ACTIVE_COMPILATION_CONDITIONS = DEBUG;
				SWIFT_OPTIMIZATION_LEVEL = "-Onone";
			};
			name = Debug;
		};
		4D0A4355287517CD007E9F74 /* Release */ = {
			isa = XCBuildConfiguration;
			buildSettings = {
				ALWAYS_SEARCH_USER_PATHS = NO;
				CLANG_ANALYZER_NONNULL = YES;
				CLANG_ANALYZER_NUMBER_OBJECT_CONVERSION = YES_AGGRESSIVE;
				CLANG_CXX_LANGUAGE_STANDARD = "gnu++17";
				CLANG_ENABLE_MODULES = YES;
				CLANG_ENABLE_OBJC_ARC = YES;
				CLANG_ENABLE_OBJC_WEAK = YES;
				CLANG_WARN_BLOCK_CAPTURE_AUTORELEASING = YES;
				CLANG_WARN_BOOL_CONVERSION = YES;
				CLANG_WARN_COMMA = YES;
				CLANG_WARN_CONSTANT_CONVERSION = YES;
				CLANG_WARN_DEPRECATED_OBJC_IMPLEMENTATIONS = YES;
				CLANG_WARN_DIRECT_OBJC_ISA_USAGE = YES_ERROR;
				CLANG_WARN_DOCUMENTATION_COMMENTS = YES;
				CLANG_WARN_EMPTY_BODY = YES;
				CLANG_WARN_ENUM_CONVERSION = YES;
				CLANG_WARN_INFINITE_RECURSION = YES;
				CLANG_WARN_INT_CONVERSION = YES;
				CLANG_WARN_NON_LITERAL_NULL_CONVERSION = YES;
				CLANG_WARN_OBJC_IMPLICIT_RETAIN_SELF = YES;
				CLANG_WARN_OBJC_LITERAL_CONVERSION = YES;
				CLANG_WARN_OBJC_ROOT_CLASS = YES_ERROR;
				CLANG_WARN_QUOTED_INCLUDE_IN_FRAMEWORK_HEADER = YES;
				CLANG_WARN_RANGE_LOOP_ANALYSIS = YES;
				CLANG_WARN_STRICT_PROTOTYPES = YES;
				CLANG_WARN_SUSPICIOUS_MOVE = YES;
				CLANG_WARN_UNGUARDED_AVAILABILITY = YES_AGGRESSIVE;
				CLANG_WARN_UNREACHABLE_CODE = YES;
				CLANG_WARN__DUPLICATE_METHOD_MATCH = YES;
				COPY_PHASE_STRIP = NO;
				DEBUG_INFORMATION_FORMAT = "dwarf-with-dsym";
				ENABLE_NS_ASSERTIONS = NO;
				ENABLE_STRICT_OBJC_MSGSEND = YES;
				GCC_C_LANGUAGE_STANDARD = gnu11;
				GCC_NO_COMMON_BLOCKS = YES;
				GCC_WARN_64_TO_32_BIT_CONVERSION = YES;
				GCC_WARN_ABOUT_RETURN_TYPE = YES_ERROR;
				GCC_WARN_UNDECLARED_SELECTOR = YES;
				GCC_WARN_UNINITIALIZED_AUTOS = YES_AGGRESSIVE;
				GCC_WARN_UNUSED_FUNCTION = YES;
				GCC_WARN_UNUSED_VARIABLE = YES;
				IPHONEOS_DEPLOYMENT_TARGET = 13.0;
				MTL_ENABLE_DEBUG_INFO = NO;
				MTL_FAST_MATH = YES;
				SDKROOT = iphoneos;
				SWIFT_COMPILATION_MODE = wholemodule;
				SWIFT_OPTIMIZATION_LEVEL = "-O";
				VALIDATE_PRODUCT = YES;
			};
			name = Release;
		};
		4D0A4357287517CD007E9F74 /* Debug */ = {
			isa = XCBuildConfiguration;
			baseConfigurationReference = 42AA2F37A65102395A7DA89A /* Pods-LifesumChallenge.debug.xcconfig */;
			buildSettings = {
				ASSETCATALOG_COMPILER_APPICON_NAME = AppIcon;
				ASSETCATALOG_COMPILER_GLOBAL_ACCENT_COLOR_NAME = AccentColor;
				CODE_SIGN_STYLE = Automatic;
				CURRENT_PROJECT_VERSION = 1;
				GENERATE_INFOPLIST_FILE = YES;
				INFOPLIST_FILE = LifesumChallenge/Info.plist;
				INFOPLIST_KEY_UIApplicationSupportsIndirectInputEvents = YES;
				INFOPLIST_KEY_UILaunchStoryboardName = LaunchScreen;
				INFOPLIST_KEY_UISupportedInterfaceOrientations_iPad = "UIInterfaceOrientationPortrait UIInterfaceOrientationPortraitUpsideDown UIInterfaceOrientationLandscapeLeft UIInterfaceOrientationLandscapeRight";
				INFOPLIST_KEY_UISupportedInterfaceOrientations_iPhone = "UIInterfaceOrientationPortrait UIInterfaceOrientationLandscapeLeft UIInterfaceOrientationLandscapeRight";
				LD_RUNPATH_SEARCH_PATHS = (
					"$(inherited)",
					"@executable_path/Frameworks",
				);
				MARKETING_VERSION = 1.0;
				PRODUCT_BUNDLE_IDENTIFIER = ios.LifesumChallenge;
				PRODUCT_NAME = "$(TARGET_NAME)";
				SWIFT_EMIT_LOC_STRINGS = YES;
				SWIFT_VERSION = 5.0;
				TARGETED_DEVICE_FAMILY = "1,2";
			};
			name = Debug;
		};
		4D0A4358287517CD007E9F74 /* Release */ = {
			isa = XCBuildConfiguration;
			baseConfigurationReference = 74C370E1FDB557921EC58F3C /* Pods-LifesumChallenge.release.xcconfig */;
			buildSettings = {
				ASSETCATALOG_COMPILER_APPICON_NAME = AppIcon;
				ASSETCATALOG_COMPILER_GLOBAL_ACCENT_COLOR_NAME = AccentColor;
				CODE_SIGN_STYLE = Automatic;
				CURRENT_PROJECT_VERSION = 1;
				GENERATE_INFOPLIST_FILE = YES;
				INFOPLIST_FILE = LifesumChallenge/Info.plist;
				INFOPLIST_KEY_UIApplicationSupportsIndirectInputEvents = YES;
				INFOPLIST_KEY_UILaunchStoryboardName = LaunchScreen;
				INFOPLIST_KEY_UISupportedInterfaceOrientations_iPad = "UIInterfaceOrientationPortrait UIInterfaceOrientationPortraitUpsideDown UIInterfaceOrientationLandscapeLeft UIInterfaceOrientationLandscapeRight";
				INFOPLIST_KEY_UISupportedInterfaceOrientations_iPhone = "UIInterfaceOrientationPortrait UIInterfaceOrientationLandscapeLeft UIInterfaceOrientationLandscapeRight";
				LD_RUNPATH_SEARCH_PATHS = (
					"$(inherited)",
					"@executable_path/Frameworks",
				);
				MARKETING_VERSION = 1.0;
				PRODUCT_BUNDLE_IDENTIFIER = ios.LifesumChallenge;
				PRODUCT_NAME = "$(TARGET_NAME)";
				SWIFT_EMIT_LOC_STRINGS = YES;
				SWIFT_VERSION = 5.0;
				TARGETED_DEVICE_FAMILY = "1,2";
			};
			name = Release;
		};
		4D0A435A287517CD007E9F74 /* Debug */ = {
			isa = XCBuildConfiguration;
			baseConfigurationReference = 0222047BF144A1DD52F46190 /* Pods-LifesumChallengeTests.debug.xcconfig */;
			buildSettings = {
				ALWAYS_EMBED_SWIFT_STANDARD_LIBRARIES = YES;
				BUNDLE_LOADER = "$(TEST_HOST)";
				CODE_SIGN_STYLE = Automatic;
				CURRENT_PROJECT_VERSION = 1;
				GENERATE_INFOPLIST_FILE = YES;
				IPHONEOS_DEPLOYMENT_TARGET = 13.0;
				MARKETING_VERSION = 1.0;
				PRODUCT_BUNDLE_IDENTIFIER = ios.LifesumChallengeTests;
				PRODUCT_NAME = "$(TARGET_NAME)";
				SWIFT_EMIT_LOC_STRINGS = NO;
				SWIFT_VERSION = 5.0;
				TARGETED_DEVICE_FAMILY = "1,2";
				TEST_HOST = "$(BUILT_PRODUCTS_DIR)/LifesumChallenge.app/LifesumChallenge";
			};
			name = Debug;
		};
		4D0A435B287517CD007E9F74 /* Release */ = {
			isa = XCBuildConfiguration;
			baseConfigurationReference = 27D7BF2CECC6601466F3678E /* Pods-LifesumChallengeTests.release.xcconfig */;
			buildSettings = {
				ALWAYS_EMBED_SWIFT_STANDARD_LIBRARIES = YES;
				BUNDLE_LOADER = "$(TEST_HOST)";
				CODE_SIGN_STYLE = Automatic;
				CURRENT_PROJECT_VERSION = 1;
				GENERATE_INFOPLIST_FILE = YES;
				IPHONEOS_DEPLOYMENT_TARGET = 13.0;
				MARKETING_VERSION = 1.0;
				PRODUCT_BUNDLE_IDENTIFIER = ios.LifesumChallengeTests;
				PRODUCT_NAME = "$(TARGET_NAME)";
				SWIFT_EMIT_LOC_STRINGS = NO;
				SWIFT_VERSION = 5.0;
				TARGETED_DEVICE_FAMILY = "1,2";
				TEST_HOST = "$(BUILT_PRODUCTS_DIR)/LifesumChallenge.app/LifesumChallenge";
			};
			name = Release;
		};
		4D0A435D287517CD007E9F74 /* Debug */ = {
			isa = XCBuildConfiguration;
			baseConfigurationReference = 5262E23097882996A4328233 /* Pods-LifesumChallenge-LifesumChallengeUITests.debug.xcconfig */;
			buildSettings = {
				ALWAYS_EMBED_SWIFT_STANDARD_LIBRARIES = YES;
				CODE_SIGN_STYLE = Automatic;
				CURRENT_PROJECT_VERSION = 1;
				GENERATE_INFOPLIST_FILE = YES;
				MARKETING_VERSION = 1.0;
				PRODUCT_BUNDLE_IDENTIFIER = ios.LifesumChallengeUITests;
				PRODUCT_NAME = "$(TARGET_NAME)";
				SWIFT_EMIT_LOC_STRINGS = NO;
				SWIFT_VERSION = 5.0;
				TARGETED_DEVICE_FAMILY = "1,2";
				TEST_TARGET_NAME = LifesumChallenge;
			};
			name = Debug;
		};
		4D0A435E287517CD007E9F74 /* Release */ = {
			isa = XCBuildConfiguration;
			baseConfigurationReference = 45E1A4F867A5E2F7B96207A9 /* Pods-LifesumChallenge-LifesumChallengeUITests.release.xcconfig */;
			buildSettings = {
				ALWAYS_EMBED_SWIFT_STANDARD_LIBRARIES = YES;
				CODE_SIGN_STYLE = Automatic;
				CURRENT_PROJECT_VERSION = 1;
				GENERATE_INFOPLIST_FILE = YES;
				MARKETING_VERSION = 1.0;
				PRODUCT_BUNDLE_IDENTIFIER = ios.LifesumChallengeUITests;
				PRODUCT_NAME = "$(TARGET_NAME)";
				SWIFT_EMIT_LOC_STRINGS = NO;
				SWIFT_VERSION = 5.0;
				TARGETED_DEVICE_FAMILY = "1,2";
				TEST_TARGET_NAME = LifesumChallenge;
			};
			name = Release;
		};
/* End XCBuildConfiguration section */

/* Begin XCConfigurationList section */
		4D0A4327287517CB007E9F74 /* Build configuration list for PBXProject "LifesumChallenge" */ = {
			isa = XCConfigurationList;
			buildConfigurations = (
				4D0A4354287517CD007E9F74 /* Debug */,
				4D0A4355287517CD007E9F74 /* Release */,
			);
			defaultConfigurationIsVisible = 0;
			defaultConfigurationName = Release;
		};
		4D0A4356287517CD007E9F74 /* Build configuration list for PBXNativeTarget "LifesumChallenge" */ = {
			isa = XCConfigurationList;
			buildConfigurations = (
				4D0A4357287517CD007E9F74 /* Debug */,
				4D0A4358287517CD007E9F74 /* Release */,
			);
			defaultConfigurationIsVisible = 0;
			defaultConfigurationName = Release;
		};
		4D0A4359287517CD007E9F74 /* Build configuration list for PBXNativeTarget "LifesumChallengeTests" */ = {
			isa = XCConfigurationList;
			buildConfigurations = (
				4D0A435A287517CD007E9F74 /* Debug */,
				4D0A435B287517CD007E9F74 /* Release */,
			);
			defaultConfigurationIsVisible = 0;
			defaultConfigurationName = Release;
		};
		4D0A435C287517CD007E9F74 /* Build configuration list for PBXNativeTarget "LifesumChallengeUITests" */ = {
			isa = XCConfigurationList;
			buildConfigurations = (
				4D0A435D287517CD007E9F74 /* Debug */,
				4D0A435E287517CD007E9F74 /* Release */,
			);
			defaultConfigurationIsVisible = 0;
			defaultConfigurationName = Release;
		};
/* End XCConfigurationList section */
	};
	rootObject = 4D0A4324287517CB007E9F74 /* Project object */;
}
