// !$*UTF8*$!
{
	archiveVersion = 1;
	classes = {
	};
	objectVersion = 55;
	objects = {

/* Begin PBXBuildFile section */
		4D0A4330287517CC007E9F74 /* AppDelegate.swift in Sources */ = {isa = PBXBuildFile; fileRef = 4D0A432F287517CC007E9F74 /* AppDelegate.swift */; };
		4D0A4332287517CC007E9F74 /* SceneDelegate.swift in Sources */ = {isa = PBXBuildFile; fileRef = 4D0A4331287517CC007E9F74 /* SceneDelegate.swift */; };
		4D0A4334287517CC007E9F74 /* ViewController.swift in Sources */ = {isa = PBXBuildFile; fileRef = 4D0A4333287517CC007E9F74 /* ViewController.swift */; };
		4D0A4337287517CC007E9F74 /* Main.storyboard in Resources */ = {isa = PBXBuildFile; fileRef = 4D0A4335287517CC007E9F74 /* Main.storyboard */; };
		4D0A4339287517CD007E9F74 /* Assets.xcassets in Resources */ = {isa = PBXBuildFile; fileRef = 4D0A4338287517CD007E9F74 /* Assets.xcassets */; };
		4D0A433C287517CD007E9F74 /* LaunchScreen.storyboard in Resources */ = {isa = PBXBuildFile; fileRef = 4D0A433A287517CD007E9F74 /* LaunchScreen.storyboard */; };
		4D0A4347287517CD007E9F74 /* LifesumChallengeTests.swift in Sources */ = {isa = PBXBuildFile; fileRef = 4D0A4346287517CD007E9F74 /* LifesumChallengeTests.swift */; };
		4D0A4351287517CD007E9F74 /* LifesumChallengeUITests.swift in Sources */ = {isa = PBXBuildFile; fileRef = 4D0A4350287517CD007E9F74 /* LifesumChallengeUITests.swift */; };
		4D0A4353287517CD007E9F74 /* LifesumChallengeUITestsLaunchTests.swift in Sources */ = {isa = PBXBuildFile; fileRef = 4D0A4352287517CD007E9F74 /* LifesumChallengeUITestsLaunchTests.swift */; };
/* End PBXBuildFile section */

/* Begin PBXContainerItemProxy section */
		4D0A4343287517CD007E9F74 /* PBXContainerItemProxy */ = {
			isa = PBXContainerItemProxy;
			containerPortal = 4D0A4324287517CB007E9F74 /* Project object */;
			proxyType = 1;
			remoteGlobalIDString = 4D0A432B287517CC007E9F74;
			remoteInfo = LifesumChallenge;
		};
		4D0A434D287517CD007E9F74 /* PBXContainerItemProxy */ = {
			isa = PBXContainerItemProxy;
			containerPortal = 4D0A4324287517CB007E9F74 /* Project object */;
			proxyType = 1;
			remoteGlobalIDString = 4D0A432B287517CC007E9F74;
			remoteInfo = LifesumChallenge;
		};
/* End PBXContainerItemProxy section */

/* Begin PBXFileReference section */
		4D0A432C287517CC007E9F74 /* LifesumChallenge.app */ = {isa = PBXFileReference; explicitFileType = wrapper.application; includeInIndex = 0; path = LifesumChallenge.app; sourceTree = BUILT_PRODUCTS_DIR; };
		4D0A432F287517CC007E9F74 /* AppDelegate.swift */ = {isa = PBXFileReference; lastKnownFileType = sourcecode.swift; path = AppDelegate.swift; sourceTree = "<group>"; };
		4D0A4331287517CC007E9F74 /* SceneDelegate.swift */ = {isa = PBXFileReference; lastKnownFileType = sourcecode.swift; path = SceneDelegate.swift; sourceTree = "<group>"; };
		4D0A4333287517CC007E9F74 /* ViewController.swift */ = {isa = PBXFileReference; lastKnownFileType = sourcecode.swift; path = ViewController.swift; sourceTree = "<group>"; };
		4D0A4336287517CC007E9F74 /* Base */ = {isa = PBXFileReference; lastKnownFileType = file.storyboard; name = Base; path = Base.lproj/Main.storyboard; sourceTree = "<group>"; };
		4D0A4338287517CD007E9F74 /* Assets.xcassets */ = {isa = PBXFileReference; lastKnownFileType = folder.assetcatalog; path = Assets.xcassets; sourceTree = "<group>"; };
		4D0A433B287517CD007E9F74 /* Base */ = {isa = PBXFileReference; lastKnownFileType = file.storyboard; name = Base; path = Base.lproj/LaunchScreen.storyboard; sourceTree = "<group>"; };
		4D0A433D287517CD007E9F74 /* Info.plist */ = {isa = PBXFileReference; lastKnownFileType = text.plist.xml; path = Info.plist; sourceTree = "<group>"; };
		4D0A4342287517CD007E9F74 /* LifesumChallengeTests.xctest */ = {isa = PBXFileReference; explicitFileType = wrapper.cfbundle; includeInIndex = 0; path = LifesumChallengeTests.xctest; sourceTree = BUILT_PRODUCTS_DIR; };
		4D0A4346287517CD007E9F74 /* LifesumChallengeTests.swift */ = {isa = PBXFileReference; lastKnownFileType = sourcecode.swift; path = LifesumChallengeTests.swift; sourceTree = "<group>"; };
		4D0A434C287517CD007E9F74 /* LifesumChallengeUITests.xctest */ = {isa = PBXFileReference; explicitFileType = wrapper.cfbundle; includeInIndex = 0; path = LifesumChallengeUITests.xctest; sourceTree = BUILT_PRODUCTS_DIR; };
		4D0A4350287517CD007E9F74 /* LifesumChallengeUITests.swift */ = {isa = PBXFileReference; lastKnownFileType = sourcecode.swift; path = LifesumChallengeUITests.swift; sourceTree = "<group>"; };
		4D0A4352287517CD007E9F74 /* LifesumChallengeUITestsLaunchTests.swift */ = {isa = PBXFileReference; lastKnownFileType = sourcecode.swift; path = LifesumChallengeUITestsLaunchTests.swift; sourceTree = "<group>"; };
/* End PBXFileReference section */

/* Begin PBXFrameworksBuildPhase section */
		4D0A4329287517CC007E9F74 /* Frameworks */ = {
			isa = PBXFrameworksBuildPhase;
			buildActionMask = 2147483647;
			files = (
			);
			runOnlyForDeploymentPostprocessing = 0;
		};
		4D0A433F287517CD007E9F74 /* Frameworks */ = {
			isa = PBXFrameworksBuildPhase;
			buildActionMask = 2147483647;
			files = (
			);
			runOnlyForDeploymentPostprocessing = 0;
		};
		4D0A4349287517CD007E9F74 /* Frameworks */ = {
			isa = PBXFrameworksBuildPhase;
			buildActionMask = 2147483647;
			files = (
			);
			runOnlyForDeploymentPostprocessing = 0;
		};
/* End PBXFrameworksBuildPhase section */

/* Begin PBXGroup section */
		4D0A4323287517CB007E9F74 = {
			isa = PBXGroup;
			children = (
				4D0A432E287517CC007E9F74 /* LifesumChallenge */,
				4D0A4345287517CD007E9F74 /* LifesumChallengeTests */,
				4D0A434F287517CD007E9F74 /* LifesumChallengeUITests */,
				4D0A432D287517CC007E9F74 /* Products */,
			);
			sourceTree = "<group>";
		};
		4D0A432D287517CC007E9F74 /* Products */ = {
			isa = PBXGroup;
			children = (
				4D0A432C287517CC007E9F74 /* LifesumChallenge.app */,
				4D0A4342287517CD007E9F74 /* LifesumChallengeTests.xctest */,
				4D0A434C287517CD007E9F74 /* LifesumChallengeUITests.xctest */,
			);
			name = Products;
			sourceTree = "<group>";
		};
		4D0A432E287517CC007E9F74 /* LifesumChallenge */ = {
			isa = PBXGroup;
			children = (
				4D0A432F287517CC007E9F74 /* AppDelegate.swift */,
				4D0A4331287517CC007E9F74 /* SceneDelegate.swift */,
				4D0A4333287517CC007E9F74 /* ViewController.swift */,
				4D0A4335287517CC007E9F74 /* Main.storyboard */,
				4D0A4338287517CD007E9F74 /* Assets.xcassets */,
				4D0A433A287517CD007E9F74 /* LaunchScreen.storyboard */,
				4D0A433D287517CD007E9F74 /* Info.plist */,
			);
			path = LifesumChallenge;
			sourceTree = "<group>";
		};
		4D0A4345287517CD007E9F74 /* LifesumChallengeTests */ = {
			isa = PBXGroup;
			children = (
				4D0A4346287517CD007E9F74 /* LifesumChallengeTests.swift */,
			);
			path = LifesumChallengeTests;
			sourceTree = "<group>";
		};
		4D0A434F287517CD007E9F74 /* LifesumChallengeUITests */ = {
			isa = PBXGroup;
			children = (
				4D0A4350287517CD007E9F74 /* LifesumChallengeUITests.swift */,
				4D0A4352287517CD007E9F74 /* LifesumChallengeUITestsLaunchTests.swift */,
			);
			path = LifesumChallengeUITests;
			sourceTree = "<group>";
		};
/* End PBXGroup section */

/* Begin PBXNativeTarget section */
		4D0A432B287517CC007E9F74 /* LifesumChallenge */ = {
			isa = PBXNativeTarget;
			buildConfigurationList = 4D0A4356287517CD007E9F74 /* Build configuration list for PBXNativeTarget "LifesumChallenge" */;
			buildPhases = (
				4D0A4328287517CC007E9F74 /* Sources */,
				4D0A4329287517CC007E9F74 /* Frameworks */,
				4D0A432A287517CC007E9F74 /* Resources */,
			);
			buildRules = (
			);
			dependencies = (
			);
			name = LifesumChallenge;
			productName = LifesumChallenge;
			productReference = 4D0A432C287517CC007E9F74 /* LifesumChallenge.app */;
			productType = "com.apple.product-type.application";
		};
		4D0A4341287517CD007E9F74 /* LifesumChallengeTests */ = {
			isa = PBXNativeTarget;
			buildConfigurationList = 4D0A4359287517CD007E9F74 /* Build configuration list for PBXNativeTarget "LifesumChallengeTests" */;
			buildPhases = (
				4D0A433E287517CD007E9F74 /* Sources */,
				4D0A433F287517CD007E9F74 /* Frameworks */,
				4D0A4340287517CD007E9F74 /* Resources */,
			);
			buildRules = (
			);
			dependencies = (
				4D0A4344287517CD007E9F74 /* PBXTargetDependency */,
			);
			name = LifesumChallengeTests;
			productName = LifesumChallengeTests;
			productReference = 4D0A4342287517CD007E9F74 /* LifesumChallengeTests.xctest */;
			productType = "com.apple.product-type.bundle.unit-test";
		};
		4D0A434B287517CD007E9F74 /* LifesumChallengeUITests */ = {
			isa = PBXNativeTarget;
			buildConfigurationList = 4D0A435C287517CD007E9F74 /* Build configuration list for PBXNativeTarget "LifesumChallengeUITests" */;
			buildPhases = (
				4D0A4348287517CD007E9F74 /* Sources */,
				4D0A4349287517CD007E9F74 /* Frameworks */,
				4D0A434A287517CD007E9F74 /* Resources */,
			);
			buildRules = (
			);
			dependencies = (
				4D0A434E287517CD007E9F74 /* PBXTargetDependency */,
			);
			name = LifesumChallengeUITests;
			productName = LifesumChallengeUITests;
			productReference = 4D0A434C287517CD007E9F74 /* LifesumChallengeUITests.xctest */;
			productType = "com.apple.product-type.bundle.ui-testing";
		};
/* End PBXNativeTarget section */

/* Begin PBXProject section */
		4D0A4324287517CB007E9F74 /* Project object */ = {
			isa = PBXProject;
			attributes = {
				BuildIndependentTargetsInParallel = 1;
				LastSwiftUpdateCheck = 1340;
				LastUpgradeCheck = 1340;
				TargetAttributes = {
					4D0A432B287517CC007E9F74 = {
						CreatedOnToolsVersion = 13.4.1;
					};
					4D0A4341287517CD007E9F74 = {
						CreatedOnToolsVersion = 13.4.1;
						TestTargetID = 4D0A432B287517CC007E9F74;
					};
					4D0A434B287517CD007E9F74 = {
						CreatedOnToolsVersion = 13.4.1;
						TestTargetID = 4D0A432B287517CC007E9F74;
					};
				};
			};
			buildConfigurationList = 4D0A4327287517CB007E9F74 /* Build configuration list for PBXProject "LifesumChallenge" */;
			compatibilityVersion = "Xcode 13.0";
			developmentRegion = en;
			hasScannedForEncodings = 0;
			knownRegions = (
				en,
				Base,
			);
			mainGroup = 4D0A4323287517CB007E9F74;
			productRefGroup = 4D0A432D287517CC007E9F74 /* Products */;
			projectDirPath = "";
			projectRoot = "";
			targets = (
				4D0A432B287517CC007E9F74 /* LifesumChallenge */,
				4D0A4341287517CD007E9F74 /* LifesumChallengeTests */,
				4D0A434B287517CD007E9F74 /* LifesumChallengeUITests */,
			);
		};
/* End PBXProject section */

/* Begin PBXResourcesBuildPhase section */
		4D0A432A287517CC007E9F74 /* Resources */ = {
			isa = PBXResourcesBuildPhase;
			buildActionMask = 2147483647;
			files = (
				4D0A433C287517CD007E9F74 /* LaunchScreen.storyboard in Resources */,
				4D0A4339287517CD007E9F74 /* Assets.xcassets in Resources */,
				4D0A4337287517CC007E9F74 /* Main.storyboard in Resources */,
			);
			runOnlyForDeploymentPostprocessing = 0;
		};
		4D0A4340287517CD007E9F74 /* Resources */ = {
			isa = PBXResourcesBuildPhase;
			buildActionMask = 2147483647;
			files = (
			);
			runOnlyForDeploymentPostprocessing = 0;
		};
		4D0A434A287517CD007E9F74 /* Resources */ = {
			isa = PBXResourcesBuildPhase;
			buildActionMask = 2147483647;
			files = (
			);
			runOnlyForDeploymentPostprocessing = 0;
		};
/* End PBXResourcesBuildPhase section */

/* Begin PBXSourcesBuildPhase section */
		4D0A4328287517CC007E9F74 /* Sources */ = {
			isa = PBXSourcesBuildPhase;
			buildActionMask = 2147483647;
			files = (
				4D0A4334287517CC007E9F74 /* ViewController.swift in Sources */,
				4D0A4330287517CC007E9F74 /* AppDelegate.swift in Sources */,
				4D0A4332287517CC007E9F74 /* SceneDelegate.swift in Sources */,
			);
			runOnlyForDeploymentPostprocessing = 0;
		};
		4D0A433E287517CD007E9F74 /* Sources */ = {
			isa = PBXSourcesBuildPhase;
			buildActionMask = 2147483647;
			files = (
				4D0A4347287517CD007E9F74 /* LifesumChallengeTests.swift in Sources */,
			);
			runOnlyForDeploymentPostprocessing = 0;
		};
		4D0A4348287517CD007E9F74 /* Sources */ = {
			isa = PBXSourcesBuildPhase;
			buildActionMask = 2147483647;
			files = (
				4D0A4353287517CD007E9F74 /* LifesumChallengeUITestsLaunchTests.swift in Sources */,
				4D0A4351287517CD007E9F74 /* LifesumChallengeUITests.swift in Sources */,
			);
			runOnlyForDeploymentPostprocessing = 0;
		};
/* End PBXSourcesBuildPhase section */

/* Begin PBXTargetDependency section */
		4D0A4344287517CD007E9F74 /* PBXTargetDependency */ = {
			isa = PBXTargetDependency;
			target = 4D0A432B287517CC007E9F74 /* LifesumChallenge */;
			targetProxy = 4D0A4343287517CD007E9F74 /* PBXContainerItemProxy */;
		};
		4D0A434E287517CD007E9F74 /* PBXTargetDependency */ = {
			isa = PBXTargetDependency;
			target = 4D0A432B287517CC007E9F74 /* LifesumChallenge */;
			targetProxy = 4D0A434D287517CD007E9F74 /* PBXContainerItemProxy */;
		};
/* End PBXTargetDependency section */

/* Begin PBXVariantGroup section */
		4D0A4335287517CC007E9F74 /* Main.storyboard */ = {
			isa = PBXVariantGroup;
			children = (
				4D0A4336287517CC007E9F74 /* Base */,
			);
			name = Main.storyboard;
			sourceTree = "<group>";
		};
		4D0A433A287517CD007E9F74 /* LaunchScreen.storyboard */ = {
			isa = PBXVariantGroup;
			children = (
				4D0A433B287517CD007E9F74 /* Base */,
			);
			name = LaunchScreen.storyboard;
			sourceTree = "<group>";
		};
/* End PBXVariantGroup section */

/* Begin XCBuildConfiguration section */
		4D0A4354287517CD007E9F74 /* Debug */ = {
			isa = XCBuildConfiguration;
			buildSettings = {
				ALWAYS_SEARCH_USER_PATHS = NO;
				CLANG_ANALYZER_NONNULL = YES;
				CLANG_ANALYZER_NUMBER_OBJECT_CONVERSION = YES_AGGRESSIVE;
				CLANG_CXX_LANGUAGE_STANDARD = "gnu++17";
				CLANG_ENABLE_MODULES = YES;
				CLANG_ENABLE_OBJC_ARC = YES;
				CLANG_ENABLE_OBJC_WEAK = YES;
				CLANG_WARN_BLOCK_CAPTURE_AUTORELEASING = YES;
				CLANG_WARN_BOOL_CONVERSION = YES;
				CLANG_WARN_COMMA = YES;
				CLANG_WARN_CONSTANT_CONVERSION = YES;
				CLANG_WARN_DEPRECATED_OBJC_IMPLEMENTATIONS = YES;
				CLANG_WARN_DIRECT_OBJC_ISA_USAGE = YES_ERROR;
				CLANG_WARN_DOCUMENTATION_COMMENTS = YES;
				CLANG_WARN_EMPTY_BODY = YES;
				CLANG_WARN_ENUM_CONVERSION = YES;
				CLANG_WARN_INFINITE_RECURSION = YES;
				CLANG_WARN_INT_CONVERSION = YES;
				CLANG_WARN_NON_LITERAL_NULL_CONVERSION = YES;
				CLANG_WARN_OBJC_IMPLICIT_RETAIN_SELF = YES;
				CLANG_WARN_OBJC_LITERAL_CONVERSION = YES;
				CLANG_WARN_OBJC_ROOT_CLASS = YES_ERROR;
				CLANG_WARN_QUOTED_INCLUDE_IN_FRAMEWORK_HEADER = YES;
				CLANG_WARN_RANGE_LOOP_ANALYSIS = YES;
				CLANG_WARN_STRICT_PROTOTYPES = YES;
				CLANG_WARN_SUSPICIOUS_MOVE = YES;
				CLANG_WARN_UNGUARDED_AVAILABILITY = YES_AGGRESSIVE;
				CLANG_WARN_UNREACHABLE_CODE = YES;
				CLANG_WARN__DUPLICATE_METHOD_MATCH = YES;
				COPY_PHASE_STRIP = NO;
				DEBUG_INFORMATION_FORMAT = dwarf;
				ENABLE_STRICT_OBJC_MSGSEND = YES;
				ENABLE_TESTABILITY = YES;
				GCC_C_LANGUAGE_STANDARD = gnu11;
				GCC_DYNAMIC_NO_PIC = NO;
				GCC_NO_COMMON_BLOCKS = YES;
				GCC_OPTIMIZATION_LEVEL = 0;
				GCC_PREPROCESSOR_DEFINITIONS = (
					"DEBUG=1",
					"$(inherited)",
				);
				GCC_WARN_64_TO_32_BIT_CONVERSION = YES;
				GCC_WARN_ABOUT_RETURN_TYPE = YES_ERROR;
				GCC_WARN_UNDECLARED_SELECTOR = YES;
				GCC_WARN_UNINITIALIZED_AUTOS = YES_AGGRESSIVE;
				GCC_WARN_UNUSED_FUNCTION = YES;
				GCC_WARN_UNUSED_VARIABLE = YES;
				IPHONEOS_DEPLOYMENT_TARGET = 15.5;
				MTL_ENABLE_DEBUG_INFO = INCLUDE_SOURCE;
				MTL_FAST_MATH = YES;
				ONLY_ACTIVE_ARCH = YES;
				SDKROOT = iphoneos;
				SWIFT_ACTIVE_COMPILATION_CONDITIONS = DEBUG;
				SWIFT_OPTIMIZATION_LEVEL = "-Onone";
			};
			name = Debug;
		};
		4D0A4355287517CD007E9F74 /* Release */ = {
			isa = XCBuildConfiguration;
			buildSettings = {
				ALWAYS_SEARCH_USER_PATHS = NO;
				CLANG_ANALYZER_NONNULL = YES;
				CLANG_ANALYZER_NUMBER_OBJECT_CONVERSION = YES_AGGRESSIVE;
				CLANG_CXX_LANGUAGE_STANDARD = "gnu++17";
				CLANG_ENABLE_MODULES = YES;
				CLANG_ENABLE_OBJC_ARC = YES;
				CLANG_ENABLE_OBJC_WEAK = YES;
				CLANG_WARN_BLOCK_CAPTURE_AUTORELEASING = YES;
				CLANG_WARN_BOOL_CONVERSION = YES;
				CLANG_WARN_COMMA = YES;
				CLANG_WARN_CONSTANT_CONVERSION = YES;
				CLANG_WARN_DEPRECATED_OBJC_IMPLEMENTATIONS = YES;
				CLANG_WARN_DIRECT_OBJC_ISA_USAGE = YES_ERROR;
				CLANG_WARN_DOCUMENTATION_COMMENTS = YES;
				CLANG_WARN_EMPTY_BODY = YES;
				CLANG_WARN_ENUM_CONVERSION = YES;
				CLANG_WARN_INFINITE_RECURSION = YES;
				CLANG_WARN_INT_CONVERSION = YES;
				CLANG_WARN_NON_LITERAL_NULL_CONVERSION = YES;
				CLANG_WARN_OBJC_IMPLICIT_RETAIN_SELF = YES;
				CLANG_WARN_OBJC_LITERAL_CONVERSION = YES;
				CLANG_WARN_OBJC_ROOT_CLASS = YES_ERROR;
				CLANG_WARN_QUOTED_INCLUDE_IN_FRAMEWORK_HEADER = YES;
				CLANG_WARN_RANGE_LOOP_ANALYSIS = YES;
				CLANG_WARN_STRICT_PROTOTYPES = YES;
				CLANG_WARN_SUSPICIOUS_MOVE = YES;
				CLANG_WARN_UNGUARDED_AVAILABILITY = YES_AGGRESSIVE;
				CLANG_WARN_UNREACHABLE_CODE = YES;
				CLANG_WARN__DUPLICATE_METHOD_MATCH = YES;
				COPY_PHASE_STRIP = NO;
				DEBUG_INFORMATION_FORMAT = "dwarf-with-dsym";
				ENABLE_NS_ASSERTIONS = NO;
				ENABLE_STRICT_OBJC_MSGSEND = YES;
				GCC_C_LANGUAGE_STANDARD = gnu11;
				GCC_NO_COMMON_BLOCKS = YES;
				GCC_WARN_64_TO_32_BIT_CONVERSION = YES;
				GCC_WARN_ABOUT_RETURN_TYPE = YES_ERROR;
				GCC_WARN_UNDECLARED_SELECTOR = YES;
				GCC_WARN_UNINITIALIZED_AUTOS = YES_AGGRESSIVE;
				GCC_WARN_UNUSED_FUNCTION = YES;
				GCC_WARN_UNUSED_VARIABLE = YES;
				IPHONEOS_DEPLOYMENT_TARGET = 15.5;
				MTL_ENABLE_DEBUG_INFO = NO;
				MTL_FAST_MATH = YES;
				SDKROOT = iphoneos;
				SWIFT_COMPILATION_MODE = wholemodule;
				SWIFT_OPTIMIZATION_LEVEL = "-O";
				VALIDATE_PRODUCT = YES;
			};
			name = Release;
		};
		4D0A4357287517CD007E9F74 /* Debug */ = {
			isa = XCBuildConfiguration;
			buildSettings = {
				ASSETCATALOG_COMPILER_APPICON_NAME = AppIcon;
				ASSETCATALOG_COMPILER_GLOBAL_ACCENT_COLOR_NAME = AccentColor;
				CODE_SIGN_STYLE = Automatic;
				CURRENT_PROJECT_VERSION = 1;
				GENERATE_INFOPLIST_FILE = YES;
				INFOPLIST_FILE = LifesumChallenge/Info.plist;
				INFOPLIST_KEY_UIApplicationSupportsIndirectInputEvents = YES;
				INFOPLIST_KEY_UILaunchStoryboardName = LaunchScreen;
				INFOPLIST_KEY_UIMainStoryboardFile = Main;
				INFOPLIST_KEY_UISupportedInterfaceOrientations_iPad = "UIInterfaceOrientationPortrait UIInterfaceOrientationPortraitUpsideDown UIInterfaceOrientationLandscapeLeft UIInterfaceOrientationLandscapeRight";
				INFOPLIST_KEY_UISupportedInterfaceOrientations_iPhone = "UIInterfaceOrientationPortrait UIInterfaceOrientationLandscapeLeft UIInterfaceOrientationLandscapeRight";
				LD_RUNPATH_SEARCH_PATHS = (
					"$(inherited)",
					"@executable_path/Frameworks",
				);
				MARKETING_VERSION = 1.0;
				PRODUCT_BUNDLE_IDENTIFIER = ios.LifesumChallenge;
				PRODUCT_NAME = "$(TARGET_NAME)";
				SWIFT_EMIT_LOC_STRINGS = YES;
				SWIFT_VERSION = 5.0;
				TARGETED_DEVICE_FAMILY = "1,2";
			};
			name = Debug;
		};
		4D0A4358287517CD007E9F74 /* Release */ = {
			isa = XCBuildConfiguration;
			buildSettings = {
				ASSETCATALOG_COMPILER_APPICON_NAME = AppIcon;
				ASSETCATALOG_COMPILER_GLOBAL_ACCENT_COLOR_NAME = AccentColor;
				CODE_SIGN_STYLE = Automatic;
				CURRENT_PROJECT_VERSION = 1;
				GENERATE_INFOPLIST_FILE = YES;
				INFOPLIST_FILE = LifesumChallenge/Info.plist;
				INFOPLIST_KEY_UIApplicationSupportsIndirectInputEvents = YES;
				INFOPLIST_KEY_UILaunchStoryboardName = LaunchScreen;
				INFOPLIST_KEY_UIMainStoryboardFile = Main;
				INFOPLIST_KEY_UISupportedInterfaceOrientations_iPad = "UIInterfaceOrientationPortrait UIInterfaceOrientationPortraitUpsideDown UIInterfaceOrientationLandscapeLeft UIInterfaceOrientationLandscapeRight";
				INFOPLIST_KEY_UISupportedInterfaceOrientations_iPhone = "UIInterfaceOrientationPortrait UIInterfaceOrientationLandscapeLeft UIInterfaceOrientationLandscapeRight";
				LD_RUNPATH_SEARCH_PATHS = (
					"$(inherited)",
					"@executable_path/Frameworks",
				);
				MARKETING_VERSION = 1.0;
				PRODUCT_BUNDLE_IDENTIFIER = ios.LifesumChallenge;
				PRODUCT_NAME = "$(TARGET_NAME)";
				SWIFT_EMIT_LOC_STRINGS = YES;
				SWIFT_VERSION = 5.0;
				TARGETED_DEVICE_FAMILY = "1,2";
			};
			name = Release;
		};
		4D0A435A287517CD007E9F74 /* Debug */ = {
			isa = XCBuildConfiguration;
			buildSettings = {
				ALWAYS_EMBED_SWIFT_STANDARD_LIBRARIES = YES;
				BUNDLE_LOADER = "$(TEST_HOST)";
				CODE_SIGN_STYLE = Automatic;
				CURRENT_PROJECT_VERSION = 1;
				GENERATE_INFOPLIST_FILE = YES;
				IPHONEOS_DEPLOYMENT_TARGET = 15.5;
				MARKETING_VERSION = 1.0;
				PRODUCT_BUNDLE_IDENTIFIER = ios.LifesumChallengeTests;
				PRODUCT_NAME = "$(TARGET_NAME)";
				SWIFT_EMIT_LOC_STRINGS = NO;
				SWIFT_VERSION = 5.0;
				TARGETED_DEVICE_FAMILY = "1,2";
				TEST_HOST = "$(BUILT_PRODUCTS_DIR)/LifesumChallenge.app/LifesumChallenge";
			};
			name = Debug;
		};
		4D0A435B287517CD007E9F74 /* Release */ = {
			isa = XCBuildConfiguration;
			buildSettings = {
				ALWAYS_EMBED_SWIFT_STANDARD_LIBRARIES = YES;
				BUNDLE_LOADER = "$(TEST_HOST)";
				CODE_SIGN_STYLE = Automatic;
				CURRENT_PROJECT_VERSION = 1;
				GENERATE_INFOPLIST_FILE = YES;
				IPHONEOS_DEPLOYMENT_TARGET = 15.5;
				MARKETING_VERSION = 1.0;
				PRODUCT_BUNDLE_IDENTIFIER = ios.LifesumChallengeTests;
				PRODUCT_NAME = "$(TARGET_NAME)";
				SWIFT_EMIT_LOC_STRINGS = NO;
				SWIFT_VERSION = 5.0;
				TARGETED_DEVICE_FAMILY = "1,2";
				TEST_HOST = "$(BUILT_PRODUCTS_DIR)/LifesumChallenge.app/LifesumChallenge";
			};
			name = Release;
		};
		4D0A435D287517CD007E9F74 /* Debug */ = {
			isa = XCBuildConfiguration;
			buildSettings = {
				ALWAYS_EMBED_SWIFT_STANDARD_LIBRARIES = YES;
				CODE_SIGN_STYLE = Automatic;
				CURRENT_PROJECT_VERSION = 1;
				GENERATE_INFOPLIST_FILE = YES;
				MARKETING_VERSION = 1.0;
				PRODUCT_BUNDLE_IDENTIFIER = ios.LifesumChallengeUITests;
				PRODUCT_NAME = "$(TARGET_NAME)";
				SWIFT_EMIT_LOC_STRINGS = NO;
				SWIFT_VERSION = 5.0;
				TARGETED_DEVICE_FAMILY = "1,2";
				TEST_TARGET_NAME = LifesumChallenge;
			};
			name = Debug;
		};
		4D0A435E287517CD007E9F74 /* Release */ = {
			isa = XCBuildConfiguration;
			buildSettings = {
				ALWAYS_EMBED_SWIFT_STANDARD_LIBRARIES = YES;
				CODE_SIGN_STYLE = Automatic;
				CURRENT_PROJECT_VERSION = 1;
				GENERATE_INFOPLIST_FILE = YES;
				MARKETING_VERSION = 1.0;
				PRODUCT_BUNDLE_IDENTIFIER = ios.LifesumChallengeUITests;
				PRODUCT_NAME = "$(TARGET_NAME)";
				SWIFT_EMIT_LOC_STRINGS = NO;
				SWIFT_VERSION = 5.0;
				TARGETED_DEVICE_FAMILY = "1,2";
				TEST_TARGET_NAME = LifesumChallenge;
			};
			name = Release;
		};
/* End XCBuildConfiguration section */

/* Begin XCConfigurationList section */
		4D0A4327287517CB007E9F74 /* Build configuration list for PBXProject "LifesumChallenge" */ = {
			isa = XCConfigurationList;
			buildConfigurations = (
				4D0A4354287517CD007E9F74 /* Debug */,
				4D0A4355287517CD007E9F74 /* Release */,
			);
			defaultConfigurationIsVisible = 0;
			defaultConfigurationName = Release;
		};
		4D0A4356287517CD007E9F74 /* Build configuration list for PBXNativeTarget "LifesumChallenge" */ = {
			isa = XCConfigurationList;
			buildConfigurations = (
				4D0A4357287517CD007E9F74 /* Debug */,
				4D0A4358287517CD007E9F74 /* Release */,
			);
			defaultConfigurationIsVisible = 0;
			defaultConfigurationName = Release;
		};
		4D0A4359287517CD007E9F74 /* Build configuration list for PBXNativeTarget "LifesumChallengeTests" */ = {
			isa = XCConfigurationList;
			buildConfigurations = (
				4D0A435A287517CD007E9F74 /* Debug */,
				4D0A435B287517CD007E9F74 /* Release */,
			);
			defaultConfigurationIsVisible = 0;
			defaultConfigurationName = Release;
		};
		4D0A435C287517CD007E9F74 /* Build configuration list for PBXNativeTarget "LifesumChallengeUITests" */ = {
			isa = XCConfigurationList;
			buildConfigurations = (
				4D0A435D287517CD007E9F74 /* Debug */,
				4D0A435E287517CD007E9F74 /* Release */,
			);
			defaultConfigurationIsVisible = 0;
			defaultConfigurationName = Release;
		};
/* End XCConfigurationList section */
	};
	rootObject = 4D0A4324287517CB007E9F74 /* Project object */;
}
